
Microsoft Visual Studio Solution File, Format Version 12.00
# Visual Studio Version 17
VisualStudioVersion = 17.4.33205.214
MinimumVisualStudioVersion = 10.0.40219.1
Project("{FAE04EC0-301F-11D3-BF4B-00C04F79EFBC}") = "EnumDateTime", "EnumDateTime\EnumDateTime.csproj", "{131FF9E0-15BE-4FC2-8792-C775AC908B7D}"
EndProject
Global
	GlobalSection(SolutionConfigurationPlatforms) = preSolution
		Debug|Any CPU = Debug|Any CPU
		Release|Any CPU = Release|Any CPU
	EndGlobalSection
	GlobalSection(ProjectConfigurationPlatforms) = postSolution
		{131FF9E0-15BE-4FC2-8792-C775AC908B7D}.Debug|Any CPU.ActiveCfg = Debug|Any CPU
		{131FF9E0-15BE-4FC2-8792-C775AC908B7D}.Debug|Any CPU.Build.0 = Debug|Any CPU
		{131FF9E0-15BE-4FC2-8792-C775AC908B7D}.Release|Any CPU.ActiveCfg = Release|Any CPU
		{131FF9E0-15BE-4FC2-8792-C775AC908B7D}.Release|Any CPU.Build.0 = Release|Any CPU
	EndGlobalSection
	GlobalSection(SolutionProperties) = preSolution
		HideSolutionNode = FALSE
	EndGlobalSection
	GlobalSection(ExtensibilityGlobals) = postSolution
		SolutionGuid = {B29FB3E9-F0E3-493A-8C3A-35361CBAF01D}
	EndGlobalSection
EndGlobal
